
Microsoft Visual Studio Solution File, Format Version 12.00
# Visual Studio 15
VisualStudioVersion = 15.0.27428.2015
MinimumVisualStudioVersion = 10.0.40219.1
Project("{FAE04EC0-301F-11D3-BF4B-00C04F79EFBC}") = "UnitTestingSample", "UnitTestingSample\UnitTestingSample.csproj", "{B4613E3A-B9CD-4690-997C-779B4262A439}"
EndProject
Project("{FAE04EC0-301F-11D3-BF4B-00C04F79EFBC}") = "Test", "Test\Test.csproj", "{0F8160B6-0C73-44AA-9A6D-F932B095987D}"
EndProject
Global
	GlobalSection(SolutionConfigurationPlatforms) = preSolution
		Debug|Any CPU = Debug|Any CPU
		Release|Any CPU = Release|Any CPU
	EndGlobalSection
	GlobalSection(ProjectConfigurationPlatforms) = postSolution
		{B4613E3A-B9CD-4690-997C-779B4262A439}.Debug|Any CPU.ActiveCfg = Debug|Any CPU
		{B4613E3A-B9CD-4690-997C-779B4262A439}.Debug|Any CPU.Build.0 = Debug|Any CPU
		{B4613E3A-B9CD-4690-997C-779B4262A439}.Release|Any CPU.ActiveCfg = Release|Any CPU
		{B4613E3A-B9CD-4690-997C-779B4262A439}.Release|Any CPU.Build.0 = Release|Any CPU
		{0F8160B6-0C73-44AA-9A6D-F932B095987D}.Debug|Any CPU.ActiveCfg = Debug|Any CPU
		{0F8160B6-0C73-44AA-9A6D-F932B095987D}.Debug|Any CPU.Build.0 = Debug|Any CPU
		{0F8160B6-0C73-44AA-9A6D-F932B095987D}.Release|Any CPU.ActiveCfg = Release|Any CPU
		{0F8160B6-0C73-44AA-9A6D-F932B095987D}.Release|Any CPU.Build.0 = Release|Any CPU
	EndGlobalSection
	GlobalSection(SolutionProperties) = preSolution
		HideSolutionNode = FALSE
	EndGlobalSection
	GlobalSection(ExtensibilityGlobals) = postSolution
		SolutionGuid = {BE061583-B19B-4059-9305-202FAA8DA720}
	EndGlobalSection
EndGlobal
